
Microsoft Visual Studio Solution File, Format Version 12.00
# Visual Studio Version 17
VisualStudioVersion = 17.9.34616.47
MinimumVisualStudioVersion = 10.0.40219.1
Project("{FAE04EC0-301F-11D3-BF4B-00C04F79EFBC}") = "Converter", "Converter\Converter.csproj", "{48F8763D-C2B3-418E-AD99-4401584E2FFC}"
EndProject
Global
	GlobalSection(SolutionConfigurationPlatforms) = preSolution
		Debug|Any CPU = Debug|Any CPU
		Release|Any CPU = Release|Any CPU
	EndGlobalSection
	GlobalSection(ProjectConfigurationPlatforms) = postSolution
		{48F8763D-C2B3-418E-AD99-4401584E2FFC}.Debug|Any CPU.ActiveCfg = Debug|Any CPU
		{48F8763D-C2B3-418E-AD99-4401584E2FFC}.Debug|Any CPU.Build.0 = Debug|Any CPU
		{48F8763D-C2B3-418E-AD99-4401584E2FFC}.Release|Any CPU.ActiveCfg = Release|Any CPU
		{48F8763D-C2B3-418E-AD99-4401584E2FFC}.Release|Any CPU.Build.0 = Release|Any CPU
	EndGlobalSection
	GlobalSection(SolutionProperties) = preSolution
		HideSolutionNode = FALSE
	EndGlobalSection
	GlobalSection(ExtensibilityGlobals) = postSolution
		SolutionGuid = {B7E66B82-7F8C-4E47-8F1E-58A7B4D7BB2B}
	EndGlobalSection
EndGlobal
